// !$*UTF8*$!
{
	archiveVersion = 1;
	classes = {
	};
	objectVersion = 46;
	objects = {

/* Begin PBXBuildFile section */
		6513070C1A4E911300E33704 /* FileManager.swift in Sources */ = {isa = PBXBuildFile; fileRef = 6513070B1A4E911300E33704 /* FileManager.swift */; };
		651307121A4E94AB00E33704 /* Calibration.swift in Sources */ = {isa = PBXBuildFile; fileRef = 651307111A4E94AB00E33704 /* Calibration.swift */; };
		651307141A4E94C500E33704 /* Logger.swift in Sources */ = {isa = PBXBuildFile; fileRef = 651307131A4E94C500E33704 /* Logger.swift */; };
		65E46E001A25AA7C00FA28DB /* default.clb in Resources */ = {isa = PBXBuildFile; fileRef = 65E46DFF1A25AA7C00FA28DB /* default.clb */; };
		780BC3A61A5EF99700EDEECE /* AppDelegate.swift in Sources */ = {isa = PBXBuildFile; fileRef = 780BC3A51A5EF99700EDEECE /* AppDelegate.swift */; };
		784150C91ABCC76200831384 /* TimeStamp.swift in Sources */ = {isa = PBXBuildFile; fileRef = 784150C81ABCC76200831384 /* TimeStamp.swift */; };
		784150DA1AC184C400831384 /* CSVWriter.swift in Sources */ = {isa = PBXBuildFile; fileRef = 784150D91AC184C400831384 /* CSVWriter.swift */; };
		78419AD41A4B37400087A551 /* ISAProcessor.m in Sources */ = {isa = PBXBuildFile; fileRef = 78419AD31A4B37400087A551 /* ISAProcessor.m */; };
		784B0B891ABB13F80041FA66 /* Settings.swift in Sources */ = {isa = PBXBuildFile; fileRef = 784B0B881ABB13F80041FA66 /* Settings.swift */; };
		78B6A548193A3B3900C7E36A /* Cocoa.framework in Frameworks */ = {isa = PBXBuildFile; fileRef = 78B6A547193A3B3900C7E36A /* Cocoa.framework */; };
		78B6A55E193A3B3900C7E36A /* MainMenu.xib in Resources */ = {isa = PBXBuildFile; fileRef = 78B6A55C193A3B3900C7E36A /* MainMenu.xib */; };
		78B6A560193A3B3900C7E36A /* Images.xcassets in Resources */ = {isa = PBXBuildFile; fileRef = 78B6A55F193A3B3900C7E36A /* Images.xcassets */; };
		78FC512F1A5301A500FE5737 /* EventStack.swift in Sources */ = {isa = PBXBuildFile; fileRef = 78FC512E1A5301A500FE5737 /* EventStack.swift */; };
		78FC51311A530D0300FE5737 /* DataLoader.swift in Sources */ = {isa = PBXBuildFile; fileRef = 78FC51301A530D0300FE5737 /* DataLoader.swift */; };
/* End PBXBuildFile section */

/* Begin PBXFileReference section */
		6513070B1A4E911300E33704 /* FileManager.swift */ = {isa = PBXFileReference; fileEncoding = 4; lastKnownFileType = sourcecode.swift; path = FileManager.swift; sourceTree = "<group>"; };
		6513070D1A4E92CD00E33704 /* NeutronsReader-Bridging-Header.h */ = {isa = PBXFileReference; lastKnownFileType = sourcecode.c.h; path = "NeutronsReader-Bridging-Header.h"; sourceTree = "<group>"; };
		651307111A4E94AB00E33704 /* Calibration.swift */ = {isa = PBXFileReference; fileEncoding = 4; lastKnownFileType = sourcecode.swift; path = Calibration.swift; sourceTree = "<group>"; };
		651307131A4E94C500E33704 /* Logger.swift */ = {isa = PBXFileReference; fileEncoding = 4; lastKnownFileType = sourcecode.swift; path = Logger.swift; sourceTree = "<group>"; };
		65E46DFF1A25AA7C00FA28DB /* default.clb */ = {isa = PBXFileReference; fileEncoding = 4; lastKnownFileType = text; path = default.clb; sourceTree = "<group>"; };
		780BC3A51A5EF99700EDEECE /* AppDelegate.swift */ = {isa = PBXFileReference; fileEncoding = 4; lastKnownFileType = sourcecode.swift; path = AppDelegate.swift; sourceTree = "<group>"; };
		784150C81ABCC76200831384 /* TimeStamp.swift */ = {isa = PBXFileReference; fileEncoding = 4; lastKnownFileType = sourcecode.swift; path = TimeStamp.swift; sourceTree = "<group>"; };
		784150D91AC184C400831384 /* CSVWriter.swift */ = {isa = PBXFileReference; fileEncoding = 4; lastKnownFileType = sourcecode.swift; path = CSVWriter.swift; sourceTree = "<group>"; };
		78419AD21A4B37400087A551 /* ISAProcessor.h */ = {isa = PBXFileReference; fileEncoding = 4; lastKnownFileType = sourcecode.c.h; path = ISAProcessor.h; sourceTree = "<group>"; };
		78419AD31A4B37400087A551 /* ISAProcessor.m */ = {isa = PBXFileReference; fileEncoding = 4; lastKnownFileType = sourcecode.c.objc; path = ISAProcessor.m; sourceTree = "<group>"; };
		784B0B881ABB13F80041FA66 /* Settings.swift */ = {isa = PBXFileReference; fileEncoding = 4; lastKnownFileType = sourcecode.swift; path = Settings.swift; sourceTree = "<group>"; };
		78B6A544193A3B3900C7E36A /* NeutronsReader.app */ = {isa = PBXFileReference; explicitFileType = wrapper.application; includeInIndex = 0; path = NeutronsReader.app; sourceTree = BUILT_PRODUCTS_DIR; };
		78B6A547193A3B3900C7E36A /* Cocoa.framework */ = {isa = PBXFileReference; lastKnownFileType = wrapper.framework; name = Cocoa.framework; path = System/Library/Frameworks/Cocoa.framework; sourceTree = SDKROOT; };
		78B6A54A193A3B3900C7E36A /* AppKit.framework */ = {isa = PBXFileReference; lastKnownFileType = wrapper.framework; name = AppKit.framework; path = System/Library/Frameworks/AppKit.framework; sourceTree = SDKROOT; };
		78B6A54B193A3B3900C7E36A /* CoreData.framework */ = {isa = PBXFileReference; lastKnownFileType = wrapper.framework; name = CoreData.framework; path = System/Library/Frameworks/CoreData.framework; sourceTree = SDKROOT; };
		78B6A54C193A3B3900C7E36A /* Foundation.framework */ = {isa = PBXFileReference; lastKnownFileType = wrapper.framework; name = Foundation.framework; path = System/Library/Frameworks/Foundation.framework; sourceTree = SDKROOT; };
		78B6A54F193A3B3900C7E36A /* NeutronsReader-Info.plist */ = {isa = PBXFileReference; lastKnownFileType = text.plist.xml; path = "NeutronsReader-Info.plist"; sourceTree = "<group>"; };
		78B6A555193A3B3900C7E36A /* NeutronsReader-Prefix.pch */ = {isa = PBXFileReference; lastKnownFileType = sourcecode.c.h; path = "NeutronsReader-Prefix.pch"; sourceTree = "<group>"; };
		78B6A55D193A3B3900C7E36A /* Base */ = {isa = PBXFileReference; lastKnownFileType = file.xib; name = Base; path = Base.lproj/MainMenu.xib; sourceTree = "<group>"; };
		78B6A55F193A3B3900C7E36A /* Images.xcassets */ = {isa = PBXFileReference; lastKnownFileType = folder.assetcatalog; path = Images.xcassets; sourceTree = "<group>"; };
		78FC512E1A5301A500FE5737 /* EventStack.swift */ = {isa = PBXFileReference; fileEncoding = 4; lastKnownFileType = sourcecode.swift; path = EventStack.swift; sourceTree = "<group>"; };
		78FC51301A530D0300FE5737 /* DataLoader.swift */ = {isa = PBXFileReference; fileEncoding = 4; lastKnownFileType = sourcecode.swift; path = DataLoader.swift; sourceTree = "<group>"; };
/* End PBXFileReference section */

/* Begin PBXFrameworksBuildPhase section */
		78B6A541193A3B3900C7E36A /* Frameworks */ = {
			isa = PBXFrameworksBuildPhase;
			buildActionMask = 2147483647;
			files = (
				78B6A548193A3B3900C7E36A /* Cocoa.framework in Frameworks */,
			);
			runOnlyForDeploymentPostprocessing = 0;
		};
/* End PBXFrameworksBuildPhase section */

/* Begin PBXGroup section */
		780BC43E1A604AE000EDEECE /* Resources */ = {
			isa = PBXGroup;
			children = (
				65E46DFF1A25AA7C00FA28DB /* default.clb */,
				78B6A55C193A3B3900C7E36A /* MainMenu.xib */,
				78B6A55F193A3B3900C7E36A /* Images.xcassets */,
			);
			name = Resources;
			sourceTree = "<group>";
		};
		78B6A53B193A3B3800C7E36A = {
			isa = PBXGroup;
			children = (
				78B6A54D193A3B3900C7E36A /* NeutronsReader */,
				78B6A546193A3B3900C7E36A /* Frameworks */,
				78B6A545193A3B3900C7E36A /* Products */,
			);
			sourceTree = "<group>";
		};
		78B6A545193A3B3900C7E36A /* Products */ = {
			isa = PBXGroup;
			children = (
				78B6A544193A3B3900C7E36A /* NeutronsReader.app */,
			);
			name = Products;
			sourceTree = "<group>";
		};
		78B6A546193A3B3900C7E36A /* Frameworks */ = {
			isa = PBXGroup;
			children = (
				78B6A547193A3B3900C7E36A /* Cocoa.framework */,
				78B6A549193A3B3900C7E36A /* Other Frameworks */,
			);
			name = Frameworks;
			sourceTree = "<group>";
		};
		78B6A549193A3B3900C7E36A /* Other Frameworks */ = {
			isa = PBXGroup;
			children = (
				78B6A54A193A3B3900C7E36A /* AppKit.framework */,
				78B6A54B193A3B3900C7E36A /* CoreData.framework */,
				78B6A54C193A3B3900C7E36A /* Foundation.framework */,
			);
			name = "Other Frameworks";
			sourceTree = "<group>";
		};
		78B6A54D193A3B3900C7E36A /* NeutronsReader */ = {
			isa = PBXGroup;
			children = (
				780BC3A51A5EF99700EDEECE /* AppDelegate.swift */,
				784150D91AC184C400831384 /* CSVWriter.swift */,
				651307131A4E94C500E33704 /* Logger.swift */,
				6513070B1A4E911300E33704 /* FileManager.swift */,
				784150C81ABCC76200831384 /* TimeStamp.swift */,
				651307111A4E94AB00E33704 /* Calibration.swift */,
				78FC512E1A5301A500FE5737 /* EventStack.swift */,
				78FC51301A530D0300FE5737 /* DataLoader.swift */,
				784B0B881ABB13F80041FA66 /* Settings.swift */,
				78419AD21A4B37400087A551 /* ISAProcessor.h */,
				78419AD31A4B37400087A551 /* ISAProcessor.m */,
				780BC43E1A604AE000EDEECE /* Resources */,
				78B6A54E193A3B3900C7E36A /* Supporting Files */,
			);
			path = NeutronsReader;
			sourceTree = "<group>";
		};
		78B6A54E193A3B3900C7E36A /* Supporting Files */ = {
			isa = PBXGroup;
			children = (
				78B6A54F193A3B3900C7E36A /* NeutronsReader-Info.plist */,
				78B6A555193A3B3900C7E36A /* NeutronsReader-Prefix.pch */,
				6513070D1A4E92CD00E33704 /* NeutronsReader-Bridging-Header.h */,
			);
			name = "Supporting Files";
			sourceTree = "<group>";
		};
/* End PBXGroup section */

/* Begin PBXNativeTarget section */
		78B6A543193A3B3900C7E36A /* NeutronsReader */ = {
			isa = PBXNativeTarget;
			buildConfigurationList = 78B6A575193A3B3900C7E36A /* Build configuration list for PBXNativeTarget "NeutronsReader" */;
			buildPhases = (
				78B6A540193A3B3900C7E36A /* Sources */,
				78B6A541193A3B3900C7E36A /* Frameworks */,
				78B6A542193A3B3900C7E36A /* Resources */,
				789E3F801ABC786F0093DBD8 /* Git SHA */,
			);
			buildRules = (
			);
			dependencies = (
			);
			name = NeutronsReader;
			productName = NeutronsReader;
			productReference = 78B6A544193A3B3900C7E36A /* NeutronsReader.app */;
			productType = "com.apple.product-type.application";
		};
/* End PBXNativeTarget section */

/* Begin PBXProject section */
		78B6A53C193A3B3800C7E36A /* Project object */ = {
			isa = PBXProject;
			attributes = {
				CLASSPREFIX = ISA;
				LastUpgradeCheck = 0510;
				ORGANIZATIONNAME = "Andrey Isaev";
			};
			buildConfigurationList = 78B6A53F193A3B3800C7E36A /* Build configuration list for PBXProject "NeutronsReader" */;
			compatibilityVersion = "Xcode 3.2";
			developmentRegion = English;
			hasScannedForEncodings = 0;
			knownRegions = (
				en,
				Base,
			);
			mainGroup = 78B6A53B193A3B3800C7E36A;
			productRefGroup = 78B6A545193A3B3900C7E36A /* Products */;
			projectDirPath = "";
			projectRoot = "";
			targets = (
				78B6A543193A3B3900C7E36A /* NeutronsReader */,
			);
		};
/* End PBXProject section */

/* Begin PBXResourcesBuildPhase section */
		78B6A542193A3B3900C7E36A /* Resources */ = {
			isa = PBXResourcesBuildPhase;
			buildActionMask = 2147483647;
			files = (
				78B6A560193A3B3900C7E36A /* Images.xcassets in Resources */,
				78B6A55E193A3B3900C7E36A /* MainMenu.xib in Resources */,
				65E46E001A25AA7C00FA28DB /* default.clb in Resources */,
			);
			runOnlyForDeploymentPostprocessing = 0;
		};
/* End PBXResourcesBuildPhase section */

/* Begin PBXShellScriptBuildPhase section */
		789E3F801ABC786F0093DBD8 /* Git SHA */ = {
			isa = PBXShellScriptBuildPhase;
			buildActionMask = 2147483647;
			files = (
			);
			inputPaths = (
			);
			name = "Git SHA";
			outputPaths = (
			);
			runOnlyForDeploymentPostprocessing = 0;
			shellPath = /bin/sh;
			shellScript = "# write git version SHA into Info.plist\ncd \"$PROJECT_DIR\"\n# say hello\n/usr/libexec/PlistBuddy -c \"Set :CFBundleVersionGitSHA $(git rev-parse --short HEAD)\" \"$TARGET_BUILD_DIR/$INFOPLIST_PATH\"";
		};
/* End PBXShellScriptBuildPhase section */

/* Begin PBXSourcesBuildPhase section */
		78B6A540193A3B3900C7E36A /* Sources */ = {
			isa = PBXSourcesBuildPhase;
			buildActionMask = 2147483647;
			files = (
				78419AD41A4B37400087A551 /* ISAProcessor.m in Sources */,
				78FC512F1A5301A500FE5737 /* EventStack.swift in Sources */,
				784B0B891ABB13F80041FA66 /* Settings.swift in Sources */,
				651307121A4E94AB00E33704 /* Calibration.swift in Sources */,
				784150DA1AC184C400831384 /* CSVWriter.swift in Sources */,
				651307141A4E94C500E33704 /* Logger.swift in Sources */,
				6513070C1A4E911300E33704 /* FileManager.swift in Sources */,
				784150C91ABCC76200831384 /* TimeStamp.swift in Sources */,
				780BC3A61A5EF99700EDEECE /* AppDelegate.swift in Sources */,
				78FC51311A530D0300FE5737 /* DataLoader.swift in Sources */,
			);
			runOnlyForDeploymentPostprocessing = 0;
		};
/* End PBXSourcesBuildPhase section */

/* Begin PBXVariantGroup section */
		78B6A55C193A3B3900C7E36A /* MainMenu.xib */ = {
			isa = PBXVariantGroup;
			children = (
				78B6A55D193A3B3900C7E36A /* Base */,
			);
			name = MainMenu.xib;
			sourceTree = "<group>";
		};
/* End PBXVariantGroup section */

/* Begin XCBuildConfiguration section */
		78B6A573193A3B3900C7E36A /* Debug */ = {
			isa = XCBuildConfiguration;
			buildSettings = {
				ALWAYS_SEARCH_USER_PATHS = NO;
				CLANG_CXX_LANGUAGE_STANDARD = "gnu++0x";
				CLANG_CXX_LIBRARY = "libc++";
				CLANG_ENABLE_MODULES = YES;
				CLANG_ENABLE_OBJC_ARC = YES;
				CLANG_WARN_BOOL_CONVERSION = YES;
				CLANG_WARN_CONSTANT_CONVERSION = YES;
				CLANG_WARN_DIRECT_OBJC_ISA_USAGE = YES_ERROR;
				CLANG_WARN_EMPTY_BODY = YES;
				CLANG_WARN_ENUM_CONVERSION = YES;
				CLANG_WARN_INT_CONVERSION = YES;
				CLANG_WARN_OBJC_ROOT_CLASS = YES_ERROR;
				CLANG_WARN__DUPLICATE_METHOD_MATCH = YES;
				COPY_PHASE_STRIP = NO;
				DEFINES_MODULE = YES;
				EMBEDDED_CONTENT_CONTAINS_SWIFT = YES;
				GCC_C_LANGUAGE_STANDARD = gnu99;
				GCC_DYNAMIC_NO_PIC = NO;
				GCC_ENABLE_OBJC_EXCEPTIONS = YES;
				GCC_OPTIMIZATION_LEVEL = 0;
				GCC_PREPROCESSOR_DEFINITIONS = (
					"DEBUG=1",
					"$(inherited)",
				);
				GCC_SYMBOLS_PRIVATE_EXTERN = NO;
				GCC_WARN_64_TO_32_BIT_CONVERSION = YES;
				GCC_WARN_ABOUT_RETURN_TYPE = YES_ERROR;
				GCC_WARN_UNDECLARED_SELECTOR = YES;
				GCC_WARN_UNINITIALIZED_AUTOS = YES_AGGRESSIVE;
				GCC_WARN_UNUSED_FUNCTION = YES;
				GCC_WARN_UNUSED_VARIABLE = YES;
				MACOSX_DEPLOYMENT_TARGET = 10.9;
				ONLY_ACTIVE_ARCH = YES;
				SDKROOT = macosx;
				SWIFT_OBJC_BRIDGING_HEADER = " $(SRCROOT)/NeutronsReader/NeutronsReader-Bridging-Header.h";
			};
			name = Debug;
		};
		78B6A574193A3B3900C7E36A /* Release */ = {
			isa = XCBuildConfiguration;
			buildSettings = {
				ALWAYS_SEARCH_USER_PATHS = NO;
				CLANG_CXX_LANGUAGE_STANDARD = "gnu++0x";
				CLANG_CXX_LIBRARY = "libc++";
				CLANG_ENABLE_MODULES = YES;
				CLANG_ENABLE_OBJC_ARC = YES;
				CLANG_WARN_BOOL_CONVERSION = YES;
				CLANG_WARN_CONSTANT_CONVERSION = YES;
				CLANG_WARN_DIRECT_OBJC_ISA_USAGE = YES_ERROR;
				CLANG_WARN_EMPTY_BODY = YES;
				CLANG_WARN_ENUM_CONVERSION = YES;
				CLANG_WARN_INT_CONVERSION = YES;
				CLANG_WARN_OBJC_ROOT_CLASS = YES_ERROR;
				CLANG_WARN__DUPLICATE_METHOD_MATCH = YES;
				COPY_PHASE_STRIP = YES;
				DEBUG_INFORMATION_FORMAT = "dwarf-with-dsym";
				DEFINES_MODULE = YES;
				EMBEDDED_CONTENT_CONTAINS_SWIFT = YES;
				ENABLE_NS_ASSERTIONS = NO;
				GCC_C_LANGUAGE_STANDARD = gnu99;
				GCC_ENABLE_OBJC_EXCEPTIONS = YES;
				GCC_WARN_64_TO_32_BIT_CONVERSION = YES;
				GCC_WARN_ABOUT_RETURN_TYPE = YES_ERROR;
				GCC_WARN_UNDECLARED_SELECTOR = YES;
				GCC_WARN_UNINITIALIZED_AUTOS = YES_AGGRESSIVE;
				GCC_WARN_UNUSED_FUNCTION = YES;
				GCC_WARN_UNUSED_VARIABLE = YES;
				MACOSX_DEPLOYMENT_TARGET = 10.9;
				SDKROOT = macosx;
				SWIFT_OBJC_BRIDGING_HEADER = " $(SRCROOT)/NeutronsReader/NeutronsReader-Bridging-Header.h";
			};
			name = Release;
		};
		78B6A576193A3B3900C7E36A /* Debug */ = {
			isa = XCBuildConfiguration;
			buildSettings = {
				ASSETCATALOG_COMPILER_APPICON_NAME = AppIcon;
				CLANG_ENABLE_MODULES = YES;
				COMBINE_HIDPI_IMAGES = YES;
				GCC_PRECOMPILE_PREFIX_HEADER = YES;
				GCC_PREFIX_HEADER = "NeutronsReader/NeutronsReader-Prefix.pch";
				INFOPLIST_FILE = "NeutronsReader/NeutronsReader-Info.plist";
				LD_RUNPATH_SEARCH_PATHS = "$(inherited) @executable_path/../Frameworks";
				PRODUCT_MODULE_NAME = NeutronsReader;
				PRODUCT_NAME = NeutronsReader;
				SWIFT_OBJC_BRIDGING_HEADER = "NeutronsReader/NeutronsReader-Bridging-Header.h";
				SWIFT_OPTIMIZATION_LEVEL = "-Onone";
				WRAPPER_EXTENSION = app;
			};
			name = Debug;
		};
		78B6A577193A3B3900C7E36A /* Release */ = {
			isa = XCBuildConfiguration;
			buildSettings = {
				ASSETCATALOG_COMPILER_APPICON_NAME = AppIcon;
				CLANG_ENABLE_MODULES = YES;
				COMBINE_HIDPI_IMAGES = YES;
				GCC_PRECOMPILE_PREFIX_HEADER = YES;
				GCC_PREFIX_HEADER = "NeutronsReader/NeutronsReader-Prefix.pch";
				INFOPLIST_FILE = "NeutronsReader/NeutronsReader-Info.plist";
				LD_RUNPATH_SEARCH_PATHS = "$(inherited) @executable_path/../Frameworks";
				PRODUCT_MODULE_NAME = NeutronsReader;
				PRODUCT_NAME = NeutronsReader;
				SWIFT_OBJC_BRIDGING_HEADER = "NeutronsReader/NeutronsReader-Bridging-Header.h";
				WRAPPER_EXTENSION = app;
			};
			name = Release;
		};
/* End XCBuildConfiguration section */

/* Begin XCConfigurationList section */
		78B6A53F193A3B3800C7E36A /* Build configuration list for PBXProject "NeutronsReader" */ = {
			isa = XCConfigurationList;
			buildConfigurations = (
				78B6A573193A3B3900C7E36A /* Debug */,
				78B6A574193A3B3900C7E36A /* Release */,
			);
			defaultConfigurationIsVisible = 0;
			defaultConfigurationName = Release;
		};
		78B6A575193A3B3900C7E36A /* Build configuration list for PBXNativeTarget "NeutronsReader" */ = {
			isa = XCConfigurationList;
			buildConfigurations = (
				78B6A576193A3B3900C7E36A /* Debug */,
				78B6A577193A3B3900C7E36A /* Release */,
			);
			defaultConfigurationIsVisible = 0;
			defaultConfigurationName = Release;
		};
/* End XCConfigurationList section */
	};
	rootObject = 78B6A53C193A3B3800C7E36A /* Project object */;
}
